
Microsoft Visual Studio Solution File, Format Version 12.00
# Visual Studio Version 17
VisualStudioVersion = 17.14.37502.11
MinimumVisualStudioVersion = 10.0.40219.1
Project("{8BC9CEB8-8B4A-11D0-8D11-00A0C91BC942}") = "sims4RepairAgent", "sims4RepairAgent\sims4RepairAgent.vcxproj", "{AF9BCFB1-B81B-4467-B46B-7A645F570929}"
EndProject
Project("{FAE04EC0-301F-11D3-BF4B-00C04F79EFBC}") = "AgentScriptUpdater", "AgentScriptUpdater\AgentScriptUpdater.csproj", "{3003B4B5-003B-45C3-B231-02FD5AE38FBA}"
EndProject
Project("{8BC9CEB8-8B4A-11D0-8D11-00A0C91BC942}") = "#MediaShared", "#MediaShared\#MediaShared.vcxitems", "{5E9AFE79-B57F-4CF2-BBF0-A42FB5B477BB}"
EndProject
Project("{8BC9CEB8-8B4A-11D0-8D11-00A0C91BC942}") = "#UIShared", "#UIShared\#UIShared.vcxitems", "{7A04B2EA-5E79-412D-809E-82D0D0483642}"
EndProject
Project("{8BC9CEB8-8B4A-11D0-8D11-00A0C91BC942}") = "#StandardShared", "#StandardShared\#StandardShared.vcxitems", "{AFCD57A6-E66E-45F6-9EA7-67957A0B6C6B}"
EndProject
Global
	GlobalSection(SolutionConfigurationPlatforms) = preSolution
		Debug|Any CPU = Debug|Any CPU
		Debug|x64 = Debug|x64
		Debug|x86 = Debug|x86
		Release|Any CPU = Release|Any CPU
		Release|x64 = Release|x64
		Release|x86 = Release|x86
	EndGlobalSection
	GlobalSection(ProjectConfigurationPlatforms) = postSolution
		{AF9BCFB1-B81B-4467-B46B-7A645F570929}.Debug|Any CPU.ActiveCfg = Debug|x64
		{AF9BCFB1-B81B-4467-B46B-7A645F570929}.Debug|Any CPU.Build.0 = Debug|x64
		{AF9BCFB1-B81B-4467-B46B-7A645F570929}.Debug|x64.ActiveCfg = Debug|x64
		{AF9BCFB1-B81B-4467-B46B-7A645F570929}.Debug|x64.Build.0 = Debug|x64
		{AF9BCFB1-B81B-4467-B46B-7A645F570929}.Debug|x86.ActiveCfg = Debug|Win32
		{AF9BCFB1-B81B-4467-B46B-7A645F570929}.Debug|x86.Build.0 = Debug|Win32
		{AF9BCFB1-B81B-4467-B46B-7A645F570929}.Release|Any CPU.ActiveCfg = Release|x64
		{AF9BCFB1-B81B-4467-B46B-7A645F570929}.Release|Any CPU.Build.0 = Release|x64
		{AF9BCFB1-B81B-4467-B46B-7A645F570929}.Release|x64.ActiveCfg = Release|x64
		{AF9BCFB1-B81B-4467-B46B-7A645F570929}.Release|x64.Build.0 = Release|x64
		{AF9BCFB1-B81B-4467-B46B-7A645F570929}.Release|x86.ActiveCfg = Release|Win32
		{AF9BCFB1-B81B-4467-B46B-7A645F570929}.Release|x86.Build.0 = Release|Win32
		{3003B4B5-003B-45C3-B231-02FD5AE38FBA}.Debug|Any CPU.ActiveCfg = Debug|Any CPU
		{3003B4B5-003B-45C3-B231-02FD5AE38FBA}.Debug|Any CPU.Build.0 = Debug|Any CPU
		{3003B4B5-003B-45C3-B231-02FD5AE38FBA}.Debug|x64.ActiveCfg = Debug|Any CPU
		{3003B4B5-003B-45C3-B231-02FD5AE38FBA}.Debug|x64.Build.0 = Debug|Any CPU
		{3003B4B5-003B-45C3-B231-02FD5AE38FBA}.Debug|x86.ActiveCfg = Debug|Any CPU
		{3003B4B5-003B-45C3-B231-02FD5AE38FBA}.Debug|x86.Build.0 = Debug|Any CPU
		{3003B4B5-003B-45C3-B231-02FD5AE38FBA}.Release|Any CPU.ActiveCfg = Release|Any CPU
		{3003B4B5-003B-45C3-B231-02FD5AE38FBA}.Release|Any CPU.Build.0 = Release|Any CPU
		{3003B4B5-003B-45C3-B231-02FD5AE38FBA}.Release|x64.ActiveCfg = Release|Any CPU
		{3003B4B5-003B-45C3-B231-02FD5AE38FBA}.Release|x64.Build.0 = Release|Any CPU
		{3003B4B5-003B-45C3-B231-02FD5AE38FBA}.Release|x86.ActiveCfg = Release|Any CPU
		{3003B4B5-003B-45C3-B231-02FD5AE38FBA}.Release|x86.Build.0 = Release|Any CPU
	EndGlobalSection
	GlobalSection(SolutionProperties) = preSolution
		HideSolutionNode = FALSE
	EndGlobalSection
	GlobalSection(ExtensibilityGlobals) = postSolution
		SolutionGuid = {DEF9F336-1700-422E-AFEF-2111C7191554}
	EndGlobalSection
	GlobalSection(SharedMSBuildProjectFiles) = preSolution
		#MediaShared\#MediaShared.vcxitems*{5e9afe79-b57f-4cf2-bbf0-a42fb5b477bb}*SharedItemsImports = 9
		#UIShared\#UIShared.vcxitems*{7a04b2ea-5e79-412d-809e-82d0d0483642}*SharedItemsImports = 9
		#MediaShared\#MediaShared.vcxitems*{af9bcfb1-b81b-4467-b46b-7a645f570929}*SharedItemsImports = 4
		#StandardShared\#StandardShared.vcxitems*{af9bcfb1-b81b-4467-b46b-7a645f570929}*SharedItemsImports = 4
		#UIShared\#UIShared.vcxitems*{af9bcfb1-b81b-4467-b46b-7a645f570929}*SharedItemsImports = 4
		#StandardShared\#StandardShared.vcxitems*{afcd57a6-e66e-45f6-9ea7-67957a0b6c6b}*SharedItemsImports = 9
	EndGlobalSection
EndGlobal
